
Microsoft Visual Studio Solution File, Format Version 12.00
# Visual Studio Version 17
VisualStudioVersion = 17.14.36603.0
MinimumVisualStudioVersion = 10.0.40219.1
Project("{FAE04EC0-301F-11D3-BF4B-00C04F79EFBC}") = "CMCS", "CMCS.csproj", "{FF7C943B-9BEE-9A0B-4039-4B4F73648500}"
EndProject
Project("{FAE04EC0-301F-11D3-BF4B-00C04F79EFBC}") = "CMCS.Tests", "..\CMCS.Tests\CMCS.Tests.csproj", "{CA9B740D-DB54-46F6-8EE1-ABFB0B37FEA1}"
EndProject
Global
	GlobalSection(SolutionConfigurationPlatforms) = preSolution
		Debug|Any CPU = Debug|Any CPU
		Release|Any CPU = Release|Any CPU
	EndGlobalSection
	GlobalSection(ProjectConfigurationPlatforms) = postSolution
		{FF7C943B-9BEE-9A0B-4039-4B4F73648500}.Debug|Any CPU.ActiveCfg = Debug|Any CPU
		{FF7C943B-9BEE-9A0B-4039-4B4F73648500}.Debug|Any CPU.Build.0 = Debug|Any CPU
		{FF7C943B-9BEE-9A0B-4039-4B4F73648500}.Release|Any CPU.ActiveCfg = Release|Any CPU
		{FF7C943B-9BEE-9A0B-4039-4B4F73648500}.Release|Any CPU.Build.0 = Release|Any CPU
		{CA9B740D-DB54-46F6-8EE1-ABFB0B37FEA1}.Debug|Any CPU.ActiveCfg = Debug|Any CPU
		{CA9B740D-DB54-46F6-8EE1-ABFB0B37FEA1}.Debug|Any CPU.Build.0 = Debug|Any CPU
		{CA9B740D-DB54-46F6-8EE1-ABFB0B37FEA1}.Release|Any CPU.ActiveCfg = Release|Any CPU
		{CA9B740D-DB54-46F6-8EE1-ABFB0B37FEA1}.Release|Any CPU.Build.0 = Release|Any CPU
	EndGlobalSection
	GlobalSection(SolutionProperties) = preSolution
		HideSolutionNode = FALSE
	EndGlobalSection
	GlobalSection(ExtensibilityGlobals) = postSolution
		SolutionGuid = {3C428704-B2C5-4EFE-A1BB-D4C7958519F2}
	EndGlobalSection
EndGlobal
